// !$*UTF8*$!
{
	archiveVersion = 1;
	classes = {
	};
	objectVersion = 46;
	objects = {

/* Begin PBXBuildFile section */
		38317C6B1C9A839D00FDAEDF /* CreateCodeViewController.m in Sources */ = {isa = PBXBuildFile; fileRef = 38317C6A1C9A839D00FDAEDF /* CreateCodeViewController.m */; };
		386396B01C9A9E9300307102 /* CoreGraphics.framework in Frameworks */ = {isa = PBXBuildFile; fileRef = 386396AF1C9A9E9300307102 /* CoreGraphics.framework */; };
		386396B21C9A9E9A00307102 /* CoreMedia.framework in Frameworks */ = {isa = PBXBuildFile; fileRef = 386396B11C9A9E9A00307102 /* CoreMedia.framework */; };
		386396B41C9A9EA000307102 /* CoreVideo.framework in Frameworks */ = {isa = PBXBuildFile; fileRef = 386396B31C9A9EA000307102 /* CoreVideo.framework */; };
		386396B61C9A9EA500307102 /* Foundation.framework in Frameworks */ = {isa = PBXBuildFile; fileRef = 386396B51C9A9EA500307102 /* Foundation.framework */; };
		386396B81C9A9EAD00307102 /* ImageIO.framework in Frameworks */ = {isa = PBXBuildFile; fileRef = 386396B71C9A9EAD00307102 /* ImageIO.framework */; };
		386396BA1C9A9EB200307102 /* QuartzCore.framework in Frameworks */ = {isa = PBXBuildFile; fileRef = 386396B91C9A9EB200307102 /* QuartzCore.framework */; };
		386396BC1C9A9EBB00307102 /* UIKit.framework in Frameworks */ = {isa = PBXBuildFile; fileRef = 386396BB1C9A9EBB00307102 /* UIKit.framework */; };
		386396D21C9AA67400307102 /* libZXingObjC-iOS.a in Frameworks */ = {isa = PBXBuildFile; fileRef = 386396CF1C9AA65E00307102 /* libZXingObjC-iOS.a */; };
		38E22B431C9A3C3900EF69D7 /* main.m in Sources */ = {isa = PBXBuildFile; fileRef = 38E22B421C9A3C3900EF69D7 /* main.m */; };
		38E22B461C9A3C3900EF69D7 /* AppDelegate.m in Sources */ = {isa = PBXBuildFile; fileRef = 38E22B451C9A3C3900EF69D7 /* AppDelegate.m */; };
		38E22B491C9A3C3900EF69D7 /* ViewController.m in Sources */ = {isa = PBXBuildFile; fileRef = 38E22B481C9A3C3900EF69D7 /* ViewController.m */; };
		38E22B4C1C9A3C3900EF69D7 /* Main.storyboard in Resources */ = {isa = PBXBuildFile; fileRef = 38E22B4A1C9A3C3900EF69D7 /* Main.storyboard */; };
		38E22B4E1C9A3C3900EF69D7 /* Assets.xcassets in Resources */ = {isa = PBXBuildFile; fileRef = 38E22B4D1C9A3C3900EF69D7 /* Assets.xcassets */; };
		38E22B511C9A3C3900EF69D7 /* LaunchScreen.storyboard in Resources */ = {isa = PBXBuildFile; fileRef = 38E22B4F1C9A3C3900EF69D7 /* LaunchScreen.storyboard */; };
		38E22B5C1C9A3C3900EF69D7 /* QCodeDemoTests.m in Sources */ = {isa = PBXBuildFile; fileRef = 38E22B5B1C9A3C3900EF69D7 /* QCodeDemoTests.m */; };
		38E22B671C9A3C3900EF69D7 /* QCodeDemoUITests.m in Sources */ = {isa = PBXBuildFile; fileRef = 38E22B661C9A3C3900EF69D7 /* QCodeDemoUITests.m */; };
		38E22B751C9A42C800EF69D7 /* scan_4@2x.png in Resources */ = {isa = PBXBuildFile; fileRef = 38E22B741C9A42C800EF69D7 /* scan_4@2x.png */; };
		38E22B771C9A42D200EF69D7 /* scan_3@2x.png in Resources */ = {isa = PBXBuildFile; fileRef = 38E22B761C9A42D200EF69D7 /* scan_3@2x.png */; };
		38E22B791C9A42DC00EF69D7 /* scan_2@2x.png in Resources */ = {isa = PBXBuildFile; fileRef = 38E22B781C9A42DC00EF69D7 /* scan_2@2x.png */; };
		38E22B7B1C9A42E500EF69D7 /* scan_1@2x.png in Resources */ = {isa = PBXBuildFile; fileRef = 38E22B7A1C9A42E500EF69D7 /* scan_1@2x.png */; };
		38E22B7D1C9A431200EF69D7 /* qrcode_scan_btn_photo_nor@2x.png in Resources */ = {isa = PBXBuildFile; fileRef = 38E22B7C1C9A431200EF69D7 /* qrcode_scan_btn_photo_nor@2x.png */; };
		38E22B7F1C9A431C00EF69D7 /* qrcode_scan_btn_photo_down@2x.png in Resources */ = {isa = PBXBuildFile; fileRef = 38E22B7E1C9A431C00EF69D7 /* qrcode_scan_btn_photo_down@2x.png */; };
		38E22B811C9A432900EF69D7 /* scan_net@2x.png in Resources */ = {isa = PBXBuildFile; fileRef = 38E22B801C9A432900EF69D7 /* scan_net@2x.png */; };
		38E22B831C9A434800EF69D7 /* qrcode_scan_light_green@2x.png in Resources */ = {isa = PBXBuildFile; fileRef = 38E22B821C9A434800EF69D7 /* qrcode_scan_light_green@2x.png */; };
		38E22B851C9A435600EF69D7 /* qrcode_scan_titlebar_back_nor@2x.png in Resources */ = {isa = PBXBuildFile; fileRef = 38E22B841C9A435600EF69D7 /* qrcode_scan_titlebar_back_nor@2x.png */; };
		38E22B871C9A436100EF69D7 /* qrcode_scan_titlebar_back_pressed@2x.png in Resources */ = {isa = PBXBuildFile; fileRef = 38E22B861C9A436100EF69D7 /* qrcode_scan_titlebar_back_pressed@2x.png */; };
		38E22B891C9A438000EF69D7 /* qrcode_scan_btn_flash_nor@2x.png in Resources */ = {isa = PBXBuildFile; fileRef = 38E22B881C9A438000EF69D7 /* qrcode_scan_btn_flash_nor@2x.png */; };
		38E22B8B1C9A438700EF69D7 /* qrcode_scan_btn_flash_down@2x.png in Resources */ = {isa = PBXBuildFile; fileRef = 38E22B8A1C9A438700EF69D7 /* qrcode_scan_btn_flash_down@2x.png */; };
		38E22B8D1C9A441E00EF69D7 /* AVFoundation.framework in Frameworks */ = {isa = PBXBuildFile; fileRef = 38E22B8C1C9A441E00EF69D7 /* AVFoundation.framework */; };
		38E22B901C9A53B000EF69D7 /* QRCodeViewController.m in Sources */ = {isa = PBXBuildFile; fileRef = 38E22B8F1C9A53B000EF69D7 /* QRCodeViewController.m */; };
/* End PBXBuildFile section */

/* Begin PBXContainerItemProxy section */
		386396CE1C9AA65E00307102 /* PBXContainerItemProxy */ = {
			isa = PBXContainerItemProxy;
			containerPortal = 386396CA1C9AA65E00307102 /* ZXingObjC.xcodeproj */;
			proxyType = 2;
			remoteGlobalIDString = 25403CB3166A96FA00E13304;
			remoteInfo = "ZXingObjC-iOS";
		};
		386396D01C9AA66700307102 /* PBXContainerItemProxy */ = {
			isa = PBXContainerItemProxy;
			containerPortal = 386396CA1C9AA65E00307102 /* ZXingObjC.xcodeproj */;
			proxyType = 1;
			remoteGlobalIDString = 25403CB2166A96FA00E13304;
			remoteInfo = "ZXingObjC-iOS";
		};
		38E22B581C9A3C3900EF69D7 /* PBXContainerItemProxy */ = {
			isa = PBXContainerItemProxy;
			containerPortal = 38E22B361C9A3C3900EF69D7 /* Project object */;
			proxyType = 1;
			remoteGlobalIDString = 38E22B3D1C9A3C3900EF69D7;
			remoteInfo = QCodeDemo;
		};
		38E22B631C9A3C3900EF69D7 /* PBXContainerItemProxy */ = {
			isa = PBXContainerItemProxy;
			containerPortal = 38E22B361C9A3C3900EF69D7 /* Project object */;
			proxyType = 1;
			remoteGlobalIDString = 38E22B3D1C9A3C3900EF69D7;
			remoteInfo = QCodeDemo;
		};
/* End PBXContainerItemProxy section */

/* Begin PBXFileReference section */
		38317C691C9A839D00FDAEDF /* CreateCodeViewController.h */ = {isa = PBXFileReference; fileEncoding = 4; lastKnownFileType = sourcecode.c.h; path = CreateCodeViewController.h; sourceTree = "<group>"; };
		38317C6A1C9A839D00FDAEDF /* CreateCodeViewController.m */ = {isa = PBXFileReference; fileEncoding = 4; lastKnownFileType = sourcecode.c.objc; path = CreateCodeViewController.m; sourceTree = "<group>"; };
		386396AF1C9A9E9300307102 /* CoreGraphics.framework */ = {isa = PBXFileReference; lastKnownFileType = wrapper.framework; name = CoreGraphics.framework; path = System/Library/Frameworks/CoreGraphics.framework; sourceTree = SDKROOT; };
		386396B11C9A9E9A00307102 /* CoreMedia.framework */ = {isa = PBXFileReference; lastKnownFileType = wrapper.framework; name = CoreMedia.framework; path = System/Library/Frameworks/CoreMedia.framework; sourceTree = SDKROOT; };
		386396B31C9A9EA000307102 /* CoreVideo.framework */ = {isa = PBXFileReference; lastKnownFileType = wrapper.framework; name = CoreVideo.framework; path = System/Library/Frameworks/CoreVideo.framework; sourceTree = SDKROOT; };
		386396B51C9A9EA500307102 /* Foundation.framework */ = {isa = PBXFileReference; lastKnownFileType = wrapper.framework; name = Foundation.framework; path = System/Library/Frameworks/Foundation.framework; sourceTree = SDKROOT; };
		386396B71C9A9EAD00307102 /* ImageIO.framework */ = {isa = PBXFileReference; lastKnownFileType = wrapper.framework; name = ImageIO.framework; path = System/Library/Frameworks/ImageIO.framework; sourceTree = SDKROOT; };
		386396B91C9A9EB200307102 /* QuartzCore.framework */ = {isa = PBXFileReference; lastKnownFileType = wrapper.framework; name = QuartzCore.framework; path = System/Library/Frameworks/QuartzCore.framework; sourceTree = SDKROOT; };
		386396BB1C9A9EBB00307102 /* UIKit.framework */ = {isa = PBXFileReference; lastKnownFileType = wrapper.framework; name = UIKit.framework; path = System/Library/Frameworks/UIKit.framework; sourceTree = SDKROOT; };
		386396CA1C9AA65E00307102 /* ZXingObjC.xcodeproj */ = {isa = PBXFileReference; lastKnownFileType = "wrapper.pb-project"; name = ZXingObjC.xcodeproj; path = ZXingObjC/ZXingObjC.xcodeproj; sourceTree = "<group>"; };
		38E22B3E1C9A3C3900EF69D7 /* QCodeDemo.app */ = {isa = PBXFileReference; explicitFileType = wrapper.application; includeInIndex = 0; path = QCodeDemo.app; sourceTree = BUILT_PRODUCTS_DIR; };
		38E22B421C9A3C3900EF69D7 /* main.m */ = {isa = PBXFileReference; lastKnownFileType = sourcecode.c.objc; path = main.m; sourceTree = "<group>"; };
		38E22B441C9A3C3900EF69D7 /* AppDelegate.h */ = {isa = PBXFileReference; lastKnownFileType = sourcecode.c.h; path = AppDelegate.h; sourceTree = "<group>"; };
		38E22B451C9A3C3900EF69D7 /* AppDelegate.m */ = {isa = PBXFileReference; lastKnownFileType = sourcecode.c.objc; path = AppDelegate.m; sourceTree = "<group>"; };
		38E22B471C9A3C3900EF69D7 /* ViewController.h */ = {isa = PBXFileReference; lastKnownFileType = sourcecode.c.h; path = ViewController.h; sourceTree = "<group>"; };
		38E22B481C9A3C3900EF69D7 /* ViewController.m */ = {isa = PBXFileReference; lastKnownFileType = sourcecode.c.objc; path = ViewController.m; sourceTree = "<group>"; };
		38E22B4B1C9A3C3900EF69D7 /* Base */ = {isa = PBXFileReference; lastKnownFileType = file.storyboard; name = Base; path = Base.lproj/Main.storyboard; sourceTree = "<group>"; };
		38E22B4D1C9A3C3900EF69D7 /* Assets.xcassets */ = {isa = PBXFileReference; lastKnownFileType = folder.assetcatalog; path = Assets.xcassets; sourceTree = "<group>"; };
		38E22B501C9A3C3900EF69D7 /* Base */ = {isa = PBXFileReference; lastKnownFileType = file.storyboard; name = Base; path = Base.lproj/LaunchScreen.storyboard; sourceTree = "<group>"; };
		38E22B521C9A3C3900EF69D7 /* Info.plist */ = {isa = PBXFileReference; lastKnownFileType = text.plist.xml; path = Info.plist; sourceTree = "<group>"; };
		38E22B571C9A3C3900EF69D7 /* QCodeDemoTests.xctest */ = {isa = PBXFileReference; explicitFileType = wrapper.cfbundle; includeInIndex = 0; path = QCodeDemoTests.xctest; sourceTree = BUILT_PRODUCTS_DIR; };
		38E22B5B1C9A3C3900EF69D7 /* QCodeDemoTests.m */ = {isa = PBXFileReference; lastKnownFileType = sourcecode.c.objc; path = QCodeDemoTests.m; sourceTree = "<group>"; };
		38E22B5D1C9A3C3900EF69D7 /* Info.plist */ = {isa = PBXFileReference; lastKnownFileType = text.plist.xml; path = Info.plist; sourceTree = "<group>"; };
		38E22B621C9A3C3900EF69D7 /* QCodeDemoUITests.xctest */ = {isa = PBXFileReference; explicitFileType = wrapper.cfbundle; includeInIndex = 0; path = QCodeDemoUITests.xctest; sourceTree = BUILT_PRODUCTS_DIR; };
		38E22B661C9A3C3900EF69D7 /* QCodeDemoUITests.m */ = {isa = PBXFileReference; lastKnownFileType = sourcecode.c.objc; path = QCodeDemoUITests.m; sourceTree = "<group>"; };
		38E22B681C9A3C3900EF69D7 /* Info.plist */ = {isa = PBXFileReference; lastKnownFileType = text.plist.xml; path = Info.plist; sourceTree = "<group>"; };
		38E22B741C9A42C800EF69D7 /* scan_4@2x.png */ = {isa = PBXFileReference; lastKnownFileType = image.png; path = "scan_4@2x.png"; sourceTree = "<group>"; };
		38E22B761C9A42D200EF69D7 /* scan_3@2x.png */ = {isa = PBXFileReference; lastKnownFileType = image.png; path = "scan_3@2x.png"; sourceTree = "<group>"; };
		38E22B781C9A42DC00EF69D7 /* scan_2@2x.png */ = {isa = PBXFileReference; lastKnownFileType = image.png; path = "scan_2@2x.png"; sourceTree = "<group>"; };
		38E22B7A1C9A42E500EF69D7 /* scan_1@2x.png */ = {isa = PBXFileReference; lastKnownFileType = image.png; path = "scan_1@2x.png"; sourceTree = "<group>"; };
		38E22B7C1C9A431200EF69D7 /* qrcode_scan_btn_photo_nor@2x.png */ = {isa = PBXFileReference; lastKnownFileType = image.png; path = "qrcode_scan_btn_photo_nor@2x.png"; sourceTree = "<group>"; };
		38E22B7E1C9A431C00EF69D7 /* qrcode_scan_btn_photo_down@2x.png */ = {isa = PBXFileReference; lastKnownFileType = image.png; path = "qrcode_scan_btn_photo_down@2x.png"; sourceTree = "<group>"; };
		38E22B801C9A432900EF69D7 /* scan_net@2x.png */ = {isa = PBXFileReference; lastKnownFileType = image.png; path = "scan_net@2x.png"; sourceTree = "<group>"; };
		38E22B821C9A434800EF69D7 /* qrcode_scan_light_green@2x.png */ = {isa = PBXFileReference; lastKnownFileType = image.png; path = "qrcode_scan_light_green@2x.png"; sourceTree = "<group>"; };
		38E22B841C9A435600EF69D7 /* qrcode_scan_titlebar_back_nor@2x.png */ = {isa = PBXFileReference; lastKnownFileType = image.png; path = "qrcode_scan_titlebar_back_nor@2x.png"; sourceTree = "<group>"; };
		38E22B861C9A436100EF69D7 /* qrcode_scan_titlebar_back_pressed@2x.png */ = {isa = PBXFileReference; lastKnownFileType = image.png; path = "qrcode_scan_titlebar_back_pressed@2x.png"; sourceTree = "<group>"; };
		38E22B881C9A438000EF69D7 /* qrcode_scan_btn_flash_nor@2x.png */ = {isa = PBXFileReference; lastKnownFileType = image.png; path = "qrcode_scan_btn_flash_nor@2x.png"; sourceTree = "<group>"; };
		38E22B8A1C9A438700EF69D7 /* qrcode_scan_btn_flash_down@2x.png */ = {isa = PBXFileReference; lastKnownFileType = image.png; path = "qrcode_scan_btn_flash_down@2x.png"; sourceTree = "<group>"; };
		38E22B8C1C9A441E00EF69D7 /* AVFoundation.framework */ = {isa = PBXFileReference; lastKnownFileType = wrapper.framework; name = AVFoundation.framework; path = System/Library/Frameworks/AVFoundation.framework; sourceTree = SDKROOT; };
		38E22B8E1C9A53B000EF69D7 /* QRCodeViewController.h */ = {isa = PBXFileReference; fileEncoding = 4; lastKnownFileType = sourcecode.c.h; path = QRCodeViewController.h; sourceTree = "<group>"; };
		38E22B8F1C9A53B000EF69D7 /* QRCodeViewController.m */ = {isa = PBXFileReference; fileEncoding = 4; lastKnownFileType = sourcecode.c.objc; path = QRCodeViewController.m; sourceTree = "<group>"; };
/* End PBXFileReference section */

/* Begin PBXFrameworksBuildPhase section */
		38E22B3B1C9A3C3900EF69D7 /* Frameworks */ = {
			isa = PBXFrameworksBuildPhase;
			buildActionMask = 2147483647;
			files = (
				386396D21C9AA67400307102 /* libZXingObjC-iOS.a in Frameworks */,
				386396BC1C9A9EBB00307102 /* UIKit.framework in Frameworks */,
				386396BA1C9A9EB200307102 /* QuartzCore.framework in Frameworks */,
				386396B81C9A9EAD00307102 /* ImageIO.framework in Frameworks */,
				386396B61C9A9EA500307102 /* Foundation.framework in Frameworks */,
				386396B41C9A9EA000307102 /* CoreVideo.framework in Frameworks */,
				386396B21C9A9E9A00307102 /* CoreMedia.framework in Frameworks */,
				386396B01C9A9E9300307102 /* CoreGraphics.framework in Frameworks */,
				38E22B8D1C9A441E00EF69D7 /* AVFoundation.framework in Frameworks */,
			);
			runOnlyForDeploymentPostprocessing = 0;
		};
		38E22B541C9A3C3900EF69D7 /* Frameworks */ = {
			isa = PBXFrameworksBuildPhase;
			buildActionMask = 2147483647;
			files = (
			);
			runOnlyForDeploymentPostprocessing = 0;
		};
		38E22B5F1C9A3C3900EF69D7 /* Frameworks */ = {
			isa = PBXFrameworksBuildPhase;
			buildActionMask = 2147483647;
			files = (
			);
			runOnlyForDeploymentPostprocessing = 0;
		};
/* End PBXFrameworksBuildPhase section */

/* Begin PBXGroup section */
		386396CB1C9AA65E00307102 /* Products */ = {
			isa = PBXGroup;
			children = (
				386396CF1C9AA65E00307102 /* libZXingObjC-iOS.a */,
			);
			name = Products;
			sourceTree = "<group>";
		};
		38E22B351C9A3C3900EF69D7 = {
			isa = PBXGroup;
			children = (
				386396CA1C9AA65E00307102 /* ZXingObjC.xcodeproj */,
				386396BB1C9A9EBB00307102 /* UIKit.framework */,
				386396B91C9A9EB200307102 /* QuartzCore.framework */,
				386396B71C9A9EAD00307102 /* ImageIO.framework */,
				386396B51C9A9EA500307102 /* Foundation.framework */,
				386396B31C9A9EA000307102 /* CoreVideo.framework */,
				386396B11C9A9E9A00307102 /* CoreMedia.framework */,
				386396AF1C9A9E9300307102 /* CoreGraphics.framework */,
				38E22B8C1C9A441E00EF69D7 /* AVFoundation.framework */,
				38E22B401C9A3C3900EF69D7 /* QCodeDemo */,
				38E22B5A1C9A3C3900EF69D7 /* QCodeDemoTests */,
				38E22B651C9A3C3900EF69D7 /* QCodeDemoUITests */,
				38E22B3F1C9A3C3900EF69D7 /* Products */,
			);
			sourceTree = "<group>";
		};
		38E22B3F1C9A3C3900EF69D7 /* Products */ = {
			isa = PBXGroup;
			children = (
				38E22B3E1C9A3C3900EF69D7 /* QCodeDemo.app */,
				38E22B571C9A3C3900EF69D7 /* QCodeDemoTests.xctest */,
				38E22B621C9A3C3900EF69D7 /* QCodeDemoUITests.xctest */,
			);
			name = Products;
			sourceTree = "<group>";
		};
		38E22B401C9A3C3900EF69D7 /* QCodeDemo */ = {
			isa = PBXGroup;
			children = (
				38E22B8A1C9A438700EF69D7 /* qrcode_scan_btn_flash_down@2x.png */,
				38E22B881C9A438000EF69D7 /* qrcode_scan_btn_flash_nor@2x.png */,
				38E22B861C9A436100EF69D7 /* qrcode_scan_titlebar_back_pressed@2x.png */,
				38E22B841C9A435600EF69D7 /* qrcode_scan_titlebar_back_nor@2x.png */,
				38E22B821C9A434800EF69D7 /* qrcode_scan_light_green@2x.png */,
				38E22B801C9A432900EF69D7 /* scan_net@2x.png */,
				38E22B7E1C9A431C00EF69D7 /* qrcode_scan_btn_photo_down@2x.png */,
				38E22B7C1C9A431200EF69D7 /* qrcode_scan_btn_photo_nor@2x.png */,
				38E22B7A1C9A42E500EF69D7 /* scan_1@2x.png */,
				38E22B781C9A42DC00EF69D7 /* scan_2@2x.png */,
				38E22B761C9A42D200EF69D7 /* scan_3@2x.png */,
				38E22B741C9A42C800EF69D7 /* scan_4@2x.png */,
				38E22B441C9A3C3900EF69D7 /* AppDelegate.h */,
				38E22B451C9A3C3900EF69D7 /* AppDelegate.m */,
				38E22B471C9A3C3900EF69D7 /* ViewController.h */,
				38E22B481C9A3C3900EF69D7 /* ViewController.m */,
				38E22B8E1C9A53B000EF69D7 /* QRCodeViewController.h */,
				38E22B8F1C9A53B000EF69D7 /* QRCodeViewController.m */,
				38317C691C9A839D00FDAEDF /* CreateCodeViewController.h */,
				38317C6A1C9A839D00FDAEDF /* CreateCodeViewController.m */,
				38E22B4A1C9A3C3900EF69D7 /* Main.storyboard */,
				38E22B4D1C9A3C3900EF69D7 /* Assets.xcassets */,
				38E22B4F1C9A3C3900EF69D7 /* LaunchScreen.storyboard */,
				38E22B521C9A3C3900EF69D7 /* Info.plist */,
				38E22B411C9A3C3900EF69D7 /* Supporting Files */,
			);
			path = QCodeDemo;
			sourceTree = "<group>";
		};
		38E22B411C9A3C3900EF69D7 /* Supporting Files */ = {
			isa = PBXGroup;
			children = (
				38E22B421C9A3C3900EF69D7 /* main.m */,
			);
			name = "Supporting Files";
			sourceTree = "<group>";
		};
		38E22B5A1C9A3C3900EF69D7 /* QCodeDemoTests */ = {
			isa = PBXGroup;
			children = (
				38E22B5B1C9A3C3900EF69D7 /* QCodeDemoTests.m */,
				38E22B5D1C9A3C3900EF69D7 /* Info.plist */,
			);
			path = QCodeDemoTests;
			sourceTree = "<group>";
		};
		38E22B651C9A3C3900EF69D7 /* QCodeDemoUITests */ = {
			isa = PBXGroup;
			children = (
				38E22B661C9A3C3900EF69D7 /* QCodeDemoUITests.m */,
				38E22B681C9A3C3900EF69D7 /* Info.plist */,
			);
			path = QCodeDemoUITests;
			sourceTree = "<group>";
		};
/* End PBXGroup section */

/* Begin PBXNativeTarget section */
		38E22B3D1C9A3C3900EF69D7 /* QCodeDemo */ = {
			isa = PBXNativeTarget;
			buildConfigurationList = 38E22B6B1C9A3C3A00EF69D7 /* Build configuration list for PBXNativeTarget "QCodeDemo" */;
			buildPhases = (
				38E22B3A1C9A3C3900EF69D7 /* Sources */,
				38E22B3B1C9A3C3900EF69D7 /* Frameworks */,
				38E22B3C1C9A3C3900EF69D7 /* Resources */,
			);
			buildRules = (
			);
			dependencies = (
				386396D11C9AA66700307102 /* PBXTargetDependency */,
			);
			name = QCodeDemo;
			productName = QCodeDemo;
			productReference = 38E22B3E1C9A3C3900EF69D7 /* QCodeDemo.app */;
			productType = "com.apple.product-type.application";
		};
		38E22B561C9A3C3900EF69D7 /* QCodeDemoTests */ = {
			isa = PBXNativeTarget;
			buildConfigurationList = 38E22B6E1C9A3C3A00EF69D7 /* Build configuration list for PBXNativeTarget "QCodeDemoTests" */;
			buildPhases = (
				38E22B531C9A3C3900EF69D7 /* Sources */,
				38E22B541C9A3C3900EF69D7 /* Frameworks */,
				38E22B551C9A3C3900EF69D7 /* Resources */,
			);
			buildRules = (
			);
			dependencies = (
				38E22B591C9A3C3900EF69D7 /* PBXTargetDependency */,
			);
			name = QCodeDemoTests;
			productName = QCodeDemoTests;
			productReference = 38E22B571C9A3C3900EF69D7 /* QCodeDemoTests.xctest */;
			productType = "com.apple.product-type.bundle.unit-test";
		};
		38E22B611C9A3C3900EF69D7 /* QCodeDemoUITests */ = {
			isa = PBXNativeTarget;
			buildConfigurationList = 38E22B711C9A3C3A00EF69D7 /* Build configuration list for PBXNativeTarget "QCodeDemoUITests" */;
			buildPhases = (
				38E22B5E1C9A3C3900EF69D7 /* Sources */,
				38E22B5F1C9A3C3900EF69D7 /* Frameworks */,
				38E22B601C9A3C3900EF69D7 /* Resources */,
			);
			buildRules = (
			);
			dependencies = (
				38E22B641C9A3C3900EF69D7 /* PBXTargetDependency */,
			);
			name = QCodeDemoUITests;
			productName = QCodeDemoUITests;
			productReference = 38E22B621C9A3C3900EF69D7 /* QCodeDemoUITests.xctest */;
			productType = "com.apple.product-type.bundle.ui-testing";
		};
/* End PBXNativeTarget section */

/* Begin PBXProject section */
		38E22B361C9A3C3900EF69D7 /* Project object */ = {
			isa = PBXProject;
			attributes = {
				LastUpgradeCheck = 0720;
				ORGANIZATIONNAME = sunfuzong;
				TargetAttributes = {
					38E22B3D1C9A3C3900EF69D7 = {
						CreatedOnToolsVersion = 7.2.1;
						DevelopmentTeam = X789JAY72Y;
					};
					38E22B561C9A3C3900EF69D7 = {
						CreatedOnToolsVersion = 7.2.1;
						TestTargetID = 38E22B3D1C9A3C3900EF69D7;
					};
					38E22B611C9A3C3900EF69D7 = {
						CreatedOnToolsVersion = 7.2.1;
						TestTargetID = 38E22B3D1C9A3C3900EF69D7;
					};
				};
			};
			buildConfigurationList = 38E22B391C9A3C3900EF69D7 /* Build configuration list for PBXProject "QCodeDemo" */;
			compatibilityVersion = "Xcode 3.2";
			developmentRegion = English;
			hasScannedForEncodings = 0;
			knownRegions = (
				en,
				Base,
			);
			mainGroup = 38E22B351C9A3C3900EF69D7;
			productRefGroup = 38E22B3F1C9A3C3900EF69D7 /* Products */;
			projectDirPath = "";
			projectReferences = (
				{
					ProductGroup = 386396CB1C9AA65E00307102 /* Products */;
					ProjectRef = 386396CA1C9AA65E00307102 /* ZXingObjC.xcodeproj */;
				},
			);
			projectRoot = "";
			targets = (
				38E22B3D1C9A3C3900EF69D7 /* QCodeDemo */,
				38E22B561C9A3C3900EF69D7 /* QCodeDemoTests */,
				38E22B611C9A3C3900EF69D7 /* QCodeDemoUITests */,
			);
		};
/* End PBXProject section */

/* Begin PBXReferenceProxy section */
		386396CF1C9AA65E00307102 /* libZXingObjC-iOS.a */ = {
			isa = PBXReferenceProxy;
			fileType = archive.ar;
			path = "libZXingObjC-iOS.a";
			remoteRef = 386396CE1C9AA65E00307102 /* PBXContainerItemProxy */;
			sourceTree = BUILT_PRODUCTS_DIR;
		};
/* End PBXReferenceProxy section */

/* Begin PBXResourcesBuildPhase section */
		38E22B3C1C9A3C3900EF69D7 /* Resources */ = {
			isa = PBXResourcesBuildPhase;
			buildActionMask = 2147483647;
			files = (
				38E22B511C9A3C3900EF69D7 /* LaunchScreen.storyboard in Resources */,
				38E22B4E1C9A3C3900EF69D7 /* Assets.xcassets in Resources */,
				38E22B7D1C9A431200EF69D7 /* qrcode_scan_btn_photo_nor@2x.png in Resources */,
				38E22B791C9A42DC00EF69D7 /* scan_2@2x.png in Resources */,
				38E22B831C9A434800EF69D7 /* qrcode_scan_light_green@2x.png in Resources */,
				38E22B7F1C9A431C00EF69D7 /* qrcode_scan_btn_photo_down@2x.png in Resources */,
				38E22B891C9A438000EF69D7 /* qrcode_scan_btn_flash_nor@2x.png in Resources */,
				38E22B811C9A432900EF69D7 /* scan_net@2x.png in Resources */,
				38E22B871C9A436100EF69D7 /* qrcode_scan_titlebar_back_pressed@2x.png in Resources */,
				38E22B851C9A435600EF69D7 /* qrcode_scan_titlebar_back_nor@2x.png in Resources */,
				38E22B7B1C9A42E500EF69D7 /* scan_1@2x.png in Resources */,
				38E22B751C9A42C800EF69D7 /* scan_4@2x.png in Resources */,
				38E22B771C9A42D200EF69D7 /* scan_3@2x.png in Resources */,
				38E22B4C1C9A3C3900EF69D7 /* Main.storyboard in Resources */,
				38E22B8B1C9A438700EF69D7 /* qrcode_scan_btn_flash_down@2x.png in Resources */,
			);
			runOnlyForDeploymentPostprocessing = 0;
		};
		38E22B551C9A3C3900EF69D7 /* Resources */ = {
			isa = PBXResourcesBuildPhase;
			buildActionMask = 2147483647;
			files = (
			);
			runOnlyForDeploymentPostprocessing = 0;
		};
		38E22B601C9A3C3900EF69D7 /* Resources */ = {
			isa = PBXResourcesBuildPhase;
			buildActionMask = 2147483647;
			files = (
			);
			runOnlyForDeploymentPostprocessing = 0;
		};
/* End PBXResourcesBuildPhase section */

/* Begin PBXSourcesBuildPhase section */
		38E22B3A1C9A3C3900EF69D7 /* Sources */ = {
			isa = PBXSourcesBuildPhase;
			buildActionMask = 2147483647;
			files = (
				38E22B491C9A3C3900EF69D7 /* ViewController.m in Sources */,
				38317C6B1C9A839D00FDAEDF /* CreateCodeViewController.m in Sources */,
				38E22B461C9A3C3900EF69D7 /* AppDelegate.m in Sources */,
				38E22B901C9A53B000EF69D7 /* QRCodeViewController.m in Sources */,
				38E22B431C9A3C3900EF69D7 /* main.m in Sources */,
			);
			runOnlyForDeploymentPostprocessing = 0;
		};
		38E22B531C9A3C3900EF69D7 /* Sources */ = {
			isa = PBXSourcesBuildPhase;
			buildActionMask = 2147483647;
			files = (
				38E22B5C1C9A3C3900EF69D7 /* QCodeDemoTests.m in Sources */,
			);
			runOnlyForDeploymentPostprocessing = 0;
		};
		38E22B5E1C9A3C3900EF69D7 /* Sources */ = {
			isa = PBXSourcesBuildPhase;
			buildActionMask = 2147483647;
			files = (
				38E22B671C9A3C3900EF69D7 /* QCodeDemoUITests.m in Sources */,
			);
			runOnlyForDeploymentPostprocessing = 0;
		};
/* End PBXSourcesBuildPhase section */

/* Begin PBXTargetDependency section */
		386396D11C9AA66700307102 /* PBXTargetDependency */ = {
			isa = PBXTargetDependency;
			name = "ZXingObjC-iOS";
			targetProxy = 386396D01C9AA66700307102 /* PBXContainerItemProxy */;
		};
		38E22B591C9A3C3900EF69D7 /* PBXTargetDependency */ = {
			isa = PBXTargetDependency;
			target = 38E22B3D1C9A3C3900EF69D7 /* QCodeDemo */;
			targetProxy = 38E22B581C9A3C3900EF69D7 /* PBXContainerItemProxy */;
		};
		38E22B641C9A3C3900EF69D7 /* PBXTargetDependency */ = {
			isa = PBXTargetDependency;
			target = 38E22B3D1C9A3C3900EF69D7 /* QCodeDemo */;
			targetProxy = 38E22B631C9A3C3900EF69D7 /* PBXContainerItemProxy */;
		};
/* End PBXTargetDependency section */

/* Begin PBXVariantGroup section */
		38E22B4A1C9A3C3900EF69D7 /* Main.storyboard */ = {
			isa = PBXVariantGroup;
			children = (
				38E22B4B1C9A3C3900EF69D7 /* Base */,
			);
			name = Main.storyboard;
			sourceTree = "<group>";
		};
		38E22B4F1C9A3C3900EF69D7 /* LaunchScreen.storyboard */ = {
			isa = PBXVariantGroup;
			children = (
				38E22B501C9A3C3900EF69D7 /* Base */,
			);
			name = LaunchScreen.storyboard;
			sourceTree = "<group>";
		};
/* End PBXVariantGroup section */

/* Begin XCBuildConfiguration section */
		38E22B691C9A3C3A00EF69D7 /* Debug */ = {
			isa = XCBuildConfiguration;
			buildSettings = {
				ALWAYS_SEARCH_USER_PATHS = NO;
				CLANG_CXX_LANGUAGE_STANDARD = "gnu++0x";
				CLANG_CXX_LIBRARY = "libc++";
				CLANG_ENABLE_MODULES = YES;
				CLANG_ENABLE_OBJC_ARC = YES;
				CLANG_WARN_BOOL_CONVERSION = YES;
				CLANG_WARN_CONSTANT_CONVERSION = YES;
				CLANG_WARN_DIRECT_OBJC_ISA_USAGE = YES_ERROR;
				CLANG_WARN_EMPTY_BODY = YES;
				CLANG_WARN_ENUM_CONVERSION = YES;
				CLANG_WARN_INT_CONVERSION = YES;
				CLANG_WARN_OBJC_ROOT_CLASS = YES_ERROR;
				CLANG_WARN_UNREACHABLE_CODE = YES;
				CLANG_WARN__DUPLICATE_METHOD_MATCH = YES;
				"CODE_SIGN_IDENTITY[sdk=iphoneos*]" = "iPhone Developer";
				COPY_PHASE_STRIP = NO;
				DEBUG_INFORMATION_FORMAT = dwarf;
				ENABLE_STRICT_OBJC_MSGSEND = YES;
				ENABLE_TESTABILITY = YES;
				GCC_C_LANGUAGE_STANDARD = gnu99;
				GCC_DYNAMIC_NO_PIC = NO;
				GCC_NO_COMMON_BLOCKS = YES;
				GCC_OPTIMIZATION_LEVEL = 0;
				GCC_PREPROCESSOR_DEFINITIONS = (
					"DEBUG=1",
					"$(inherited)",
				);
				GCC_WARN_64_TO_32_BIT_CONVERSION = YES;
				GCC_WARN_ABOUT_RETURN_TYPE = YES_ERROR;
				GCC_WARN_UNDECLARED_SELECTOR = YES;
				GCC_WARN_UNINITIALIZED_AUTOS = YES_AGGRESSIVE;
				GCC_WARN_UNUSED_FUNCTION = YES;
				GCC_WARN_UNUSED_VARIABLE = YES;
				IPHONEOS_DEPLOYMENT_TARGET = 9.2;
				MTL_ENABLE_DEBUG_INFO = YES;
				ONLY_ACTIVE_ARCH = YES;
				SDKROOT = iphoneos;
				TARGETED_DEVICE_FAMILY = "1,2";
			};
			name = Debug;
		};
		38E22B6A1C9A3C3A00EF69D7 /* Release */ = {
			isa = XCBuildConfiguration;
			buildSettings = {
				ALWAYS_SEARCH_USER_PATHS = NO;
				CLANG_CXX_LANGUAGE_STANDARD = "gnu++0x";
				CLANG_CXX_LIBRARY = "libc++";
				CLANG_ENABLE_MODULES = YES;
				CLANG_ENABLE_OBJC_ARC = YES;
				CLANG_WARN_BOOL_CONVERSION = YES;
				CLANG_WARN_CONSTANT_CONVERSION = YES;
				CLANG_WARN_DIRECT_OBJC_ISA_USAGE = YES_ERROR;
				CLANG_WARN_EMPTY_BODY = YES;
				CLANG_WARN_ENUM_CONVERSION = YES;
				CLANG_WARN_INT_CONVERSION = YES;
				CLANG_WARN_OBJC_ROOT_CLASS = YES_ERROR;
				CLANG_WARN_UNREACHABLE_CODE = YES;
				CLANG_WARN__DUPLICATE_METHOD_MATCH = YES;
				"CODE_SIGN_IDENTITY[sdk=iphoneos*]" = "iPhone Developer";
				COPY_PHASE_STRIP = NO;
				DEBUG_INFORMATION_FORMAT = "dwarf-with-dsym";
				ENABLE_NS_ASSERTIONS = NO;
				ENABLE_STRICT_OBJC_MSGSEND = YES;
				GCC_C_LANGUAGE_STANDARD = gnu99;
				GCC_NO_COMMON_BLOCKS = YES;
				GCC_WARN_64_TO_32_BIT_CONVERSION = YES;
				GCC_WARN_ABOUT_RETURN_TYPE = YES_ERROR;
				GCC_WARN_UNDECLARED_SELECTOR = YES;
				GCC_WARN_UNINITIALIZED_AUTOS = YES_AGGRESSIVE;
				GCC_WARN_UNUSED_FUNCTION = YES;
				GCC_WARN_UNUSED_VARIABLE = YES;
				IPHONEOS_DEPLOYMENT_TARGET = 9.2;
				MTL_ENABLE_DEBUG_INFO = NO;
				SDKROOT = iphoneos;
				TARGETED_DEVICE_FAMILY = "1,2";
				VALIDATE_PRODUCT = YES;
			};
			name = Release;
		};
		38E22B6C1C9A3C3A00EF69D7 /* Debug */ = {
			isa = XCBuildConfiguration;
			buildSettings = {
				ASSETCATALOG_COMPILER_APPICON_NAME = AppIcon;
				CODE_SIGN_IDENTITY = "iPhone Developer";
				ENABLE_BITCODE = NO;
				HEADER_SEARCH_PATHS = "$(SRCROOT)/ZXingObjC/../**";
				INFOPLIST_FILE = QCodeDemo/Info.plist;
				IPHONEOS_DEPLOYMENT_TARGET = 8.0;
				LD_RUNPATH_SEARCH_PATHS = "$(inherited) @executable_path/Frameworks";
				PRODUCT_BUNDLE_IDENTIFIER = com.lvcheng.QCodeDemo;
				PRODUCT_NAME = "$(TARGET_NAME)";
			};
			name = Debug;
		};
		38E22B6D1C9A3C3A00EF69D7 /* Release */ = {
			isa = XCBuildConfiguration;
			buildSettings = {
				ASSETCATALOG_COMPILER_APPICON_NAME = AppIcon;
				CODE_SIGN_IDENTITY = "iPhone Developer";
				ENABLE_BITCODE = NO;
				HEADER_SEARCH_PATHS = "$(SRCROOT)/ZXingObjC/../**";
				INFOPLIST_FILE = QCodeDemo/Info.plist;
				IPHONEOS_DEPLOYMENT_TARGET = 8.0;
				LD_RUNPATH_SEARCH_PATHS = "$(inherited) @executable_path/Frameworks";
				PRODUCT_BUNDLE_IDENTIFIER = com.lvcheng.QCodeDemo;
				PRODUCT_NAME = "$(TARGET_NAME)";
			};
			name = Release;
		};
		38E22B6F1C9A3C3A00EF69D7 /* Debug */ = {
			isa = XCBuildConfiguration;
			buildSettings = {
				BUNDLE_LOADER = "$(TEST_HOST)";
				INFOPLIST_FILE = QCodeDemoTests/Info.plist;
				LD_RUNPATH_SEARCH_PATHS = "$(inherited) @executable_path/Frameworks @loader_path/Frameworks";
				PRODUCT_BUNDLE_IDENTIFIER = com.fuzong.QCodeDemoTests;
				PRODUCT_NAME = "$(TARGET_NAME)";
				TEST_HOST = "$(BUILT_PRODUCTS_DIR)/QCodeDemo.app/QCodeDemo";
			};
			name = Debug;
		};
		38E22B701C9A3C3A00EF69D7 /* Release */ = {
			isa = XCBuildConfiguration;
			buildSettings = {
				BUNDLE_LOADER = "$(TEST_HOST)";
				INFOPLIST_FILE = QCodeDemoTests/Info.plist;
				LD_RUNPATH_SEARCH_PATHS = "$(inherited) @executable_path/Frameworks @loader_path/Frameworks";
				PRODUCT_BUNDLE_IDENTIFIER = com.fuzong.QCodeDemoTests;
				PRODUCT_NAME = "$(TARGET_NAME)";
				TEST_HOST = "$(BUILT_PRODUCTS_DIR)/QCodeDemo.app/QCodeDemo";
			};
			name = Release;
		};
		38E22B721C9A3C3A00EF69D7 /* Debug */ = {
			isa = XCBuildConfiguration;
			buildSettings = {
				INFOPLIST_FILE = QCodeDemoUITests/Info.plist;
				LD_RUNPATH_SEARCH_PATHS = "$(inherited) @executable_path/Frameworks @loader_path/Frameworks";
				PRODUCT_BUNDLE_IDENTIFIER = com.fuzong.QCodeDemoUITests;
				PRODUCT_NAME = "$(TARGET_NAME)";
				TEST_TARGET_NAME = QCodeDemo;
				USES_XCTRUNNER = YES;
			};
			name = Debug;
		};
		38E22B731C9A3C3A00EF69D7 /* Release */ = {
			isa = XCBuildConfiguration;
			buildSettings = {
				INFOPLIST_FILE = QCodeDemoUITests/Info.plist;
				LD_RUNPATH_SEARCH_PATHS = "$(inherited) @executable_path/Frameworks @loader_path/Frameworks";
				PRODUCT_BUNDLE_IDENTIFIER = com.fuzong.QCodeDemoUITests;
				PRODUCT_NAME = "$(TARGET_NAME)";
				TEST_TARGET_NAME = QCodeDemo;
				USES_XCTRUNNER = YES;
			};
			name = Release;
		};
/* End XCBuildConfiguration section */

/* Begin XCConfigurationList section */
		38E22B391C9A3C3900EF69D7 /* Build configuration list for PBXProject "QCodeDemo" */ = {
			isa = XCConfigurationList;
			buildConfigurations = (
				38E22B691C9A3C3A00EF69D7 /* Debug */,
				38E22B6A1C9A3C3A00EF69D7 /* Release */,
			);
			defaultConfigurationIsVisible = 0;
			defaultConfigurationName = Release;
		};
		38E22B6B1C9A3C3A00EF69D7 /* Build configuration list for PBXNativeTarget "QCodeDemo" */ = {
			isa = XCConfigurationList;
			buildConfigurations = (
				38E22B6C1C9A3C3A00EF69D7 /* Debug */,
				38E22B6D1C9A3C3A00EF69D7 /* Release */,
			);
			defaultConfigurationIsVisible = 0;
			defaultConfigurationName = Release;
		};
		38E22B6E1C9A3C3A00EF69D7 /* Build configuration list for PBXNativeTarget "QCodeDemoTests" */ = {
			isa = XCConfigurationList;
			buildConfigurations = (
				38E22B6F1C9A3C3A00EF69D7 /* Debug */,
				38E22B701C9A3C3A00EF69D7 /* Release */,
			);
			defaultConfigurationIsVisible = 0;
			defaultConfigurationName = Release;
		};
		38E22B711C9A3C3A00EF69D7 /* Build configuration list for PBXNativeTarget "QCodeDemoUITests" */ = {
			isa = XCConfigurationList;
			buildConfigurations = (
				38E22B721C9A3C3A00EF69D7 /* Debug */,
				38E22B731C9A3C3A00EF69D7 /* Release */,
			);
			defaultConfigurationIsVisible = 0;
			defaultConfigurationName = Release;
		};
/* End XCConfigurationList section */
	};
	rootObject = 38E22B361C9A3C3900EF69D7 /* Project object */;
}
